// !$*UTF8*$!
{
	archiveVersion = 1;
	classes = {
	};
	objectVersion = 50;
	objects = {

/* Begin PBXBuildFile section */
		4ABA160C2220D8BE003AA73C /* AppDelegate.swift in Sources */ = {isa = PBXBuildFile; fileRef = 4ABA160B2220D8BE003AA73C /* AppDelegate.swift */; };
		4ABA16112220D8BE003AA73C /* Main.storyboard in Resources */ = {isa = PBXBuildFile; fileRef = 4ABA160F2220D8BE003AA73C /* Main.storyboard */; };
		4ABA16142220D8BE003AA73C /* DocumentsCoreData.xcdatamodeld in Sources */ = {isa = PBXBuildFile; fileRef = 4ABA16122220D8BE003AA73C /* DocumentsCoreData.xcdatamodeld */; };
		4ABA16162220D8BF003AA73C /* Assets.xcassets in Resources */ = {isa = PBXBuildFile; fileRef = 4ABA16152220D8BF003AA73C /* Assets.xcassets */; };
		4ABA16192220D8BF003AA73C /* LaunchScreen.storyboard in Resources */ = {isa = PBXBuildFile; fileRef = 4ABA16172220D8BF003AA73C /* LaunchScreen.storyboard */; };
		4ABA16242220D8BF003AA73C /* DocumentsCoreDataTests.swift in Sources */ = {isa = PBXBuildFile; fileRef = 4ABA16232220D8BF003AA73C /* DocumentsCoreDataTests.swift */; };
		4ABA162F2220D8BF003AA73C /* DocumentsCoreDataUITests.swift in Sources */ = {isa = PBXBuildFile; fileRef = 4ABA162E2220D8BF003AA73C /* DocumentsCoreDataUITests.swift */; };
		4ABA163D2220D8D8003AA73C /* DocumentsViewController.swift in Sources */ = {isa = PBXBuildFile; fileRef = 4ABA163C2220D8D8003AA73C /* DocumentsViewController.swift */; };
		4ABA16472220DDB6003AA73C /* SingleDocumentViewController.swift in Sources */ = {isa = PBXBuildFile; fileRef = 4ABA16462220DDB6003AA73C /* SingleDocumentViewController.swift */; };
		4ABA16552220F222003AA73C /* Document+CoreDataClass.swift in Sources */ = {isa = PBXBuildFile; fileRef = 4ABA16532220F222003AA73C /* Document+CoreDataClass.swift */; };
		4ABA16562220F222003AA73C /* Document+CoreDataProperties.swift in Sources */ = {isa = PBXBuildFile; fileRef = 4ABA16542220F222003AA73C /* Document+CoreDataProperties.swift */; };
		4ABA165822210B81003AA73C /* DocumentsTableViewCell.swift in Sources */ = {isa = PBXBuildFile; fileRef = 4ABA165722210B81003AA73C /* DocumentsTableViewCell.swift */; };
/* End PBXBuildFile section */

/* Begin PBXContainerItemProxy section */
		4ABA16202220D8BF003AA73C /* PBXContainerItemProxy */ = {
			isa = PBXContainerItemProxy;
			containerPortal = 4ABA16002220D8BE003AA73C /* Project object */;
			proxyType = 1;
			remoteGlobalIDString = 4ABA16072220D8BE003AA73C;
			remoteInfo = DocumentsCoreData;
		};
		4ABA162B2220D8BF003AA73C /* PBXContainerItemProxy */ = {
			isa = PBXContainerItemProxy;
			containerPortal = 4ABA16002220D8BE003AA73C /* Project object */;
			proxyType = 1;
			remoteGlobalIDString = 4ABA16072220D8BE003AA73C;
			remoteInfo = DocumentsCoreData;
		};
/* End PBXContainerItemProxy section */

/* Begin PBXFileReference section */
		4ABA16082220D8BE003AA73C /* DocumentsCoreData.app */ = {isa = PBXFileReference; explicitFileType = wrapper.application; includeInIndex = 0; path = DocumentsCoreData.app; sourceTree = BUILT_PRODUCTS_DIR; };
		4ABA160B2220D8BE003AA73C /* AppDelegate.swift */ = {isa = PBXFileReference; lastKnownFileType = sourcecode.swift; path = AppDelegate.swift; sourceTree = "<group>"; };
		4ABA16102220D8BE003AA73C /* Base */ = {isa = PBXFileReference; lastKnownFileType = file.storyboard; name = Base; path = Base.lproj/Main.storyboard; sourceTree = "<group>"; };
		4ABA16132220D8BE003AA73C /* DocumentsCoreData.xcdatamodel */ = {isa = PBXFileReference; lastKnownFileType = wrapper.xcdatamodel; path = DocumentsCoreData.xcdatamodel; sourceTree = "<group>"; };
		4ABA16152220D8BF003AA73C /* Assets.xcassets */ = {isa = PBXFileReference; lastKnownFileType = folder.assetcatalog; path = Assets.xcassets; sourceTree = "<group>"; };
		4ABA16182220D8BF003AA73C /* Base */ = {isa = PBXFileReference; lastKnownFileType = file.storyboard; name = Base; path = Base.lproj/LaunchScreen.storyboard; sourceTree = "<group>"; };
		4ABA161A2220D8BF003AA73C /* Info.plist */ = {isa = PBXFileReference; lastKnownFileType = text.plist.xml; path = Info.plist; sourceTree = "<group>"; };
		4ABA161F2220D8BF003AA73C /* DocumentsCoreDataTests.xctest */ = {isa = PBXFileReference; explicitFileType = wrapper.cfbundle; includeInIndex = 0; path = DocumentsCoreDataTests.xctest; sourceTree = BUILT_PRODUCTS_DIR; };
		4ABA16232220D8BF003AA73C /* DocumentsCoreDataTests.swift */ = {isa = PBXFileReference; lastKnownFileType = sourcecode.swift; path = DocumentsCoreDataTests.swift; sourceTree = "<group>"; };
		4ABA16252220D8BF003AA73C /* Info.plist */ = {isa = PBXFileReference; lastKnownFileType = text.plist.xml; path = Info.plist; sourceTree = "<group>"; };
		4ABA162A2220D8BF003AA73C /* DocumentsCoreDataUITests.xctest */ = {isa = PBXFileReference; explicitFileType = wrapper.cfbundle; includeInIndex = 0; path = DocumentsCoreDataUITests.xctest; sourceTree = BUILT_PRODUCTS_DIR; };
		4ABA162E2220D8BF003AA73C /* DocumentsCoreDataUITests.swift */ = {isa = PBXFileReference; lastKnownFileType = sourcecode.swift; path = DocumentsCoreDataUITests.swift; sourceTree = "<group>"; };
		4ABA16302220D8BF003AA73C /* Info.plist */ = {isa = PBXFileReference; lastKnownFileType = text.plist.xml; path = Info.plist; sourceTree = "<group>"; };
		4ABA163C2220D8D8003AA73C /* DocumentsViewController.swift */ = {isa = PBXFileReference; lastKnownFileType = sourcecode.swift; path = DocumentsViewController.swift; sourceTree = "<group>"; };
		4ABA16462220DDB6003AA73C /* SingleDocumentViewController.swift */ = {isa = PBXFileReference; lastKnownFileType = sourcecode.swift; path = SingleDocumentViewController.swift; sourceTree = "<group>"; };
		4ABA16532220F222003AA73C /* Document+CoreDataClass.swift */ = {isa = PBXFileReference; lastKnownFileType = sourcecode.swift; path = "Document+CoreDataClass.swift"; sourceTree = "<group>"; };
		4ABA16542220F222003AA73C /* Document+CoreDataProperties.swift */ = {isa = PBXFileReference; lastKnownFileType = sourcecode.swift; path = "Document+CoreDataProperties.swift"; sourceTree = "<group>"; };
		4ABA165722210B81003AA73C /* DocumentsTableViewCell.swift */ = {isa = PBXFileReference; lastKnownFileType = sourcecode.swift; path = DocumentsTableViewCell.swift; sourceTree = "<group>"; };
/* End PBXFileReference section */

/* Begin PBXFrameworksBuildPhase section */
		4ABA16052220D8BE003AA73C /* Frameworks */ = {
			isa = PBXFrameworksBuildPhase;
			buildActionMask = 2147483647;
			files = (
			);
			runOnlyForDeploymentPostprocessing = 0;
		};
		4ABA161C2220D8BF003AA73C /* Frameworks */ = {
			isa = PBXFrameworksBuildPhase;
			buildActionMask = 2147483647;
			files = (
			);
			runOnlyForDeploymentPostprocessing = 0;
		};
		4ABA16272220D8BF003AA73C /* Frameworks */ = {
			isa = PBXFrameworksBuildPhase;
			buildActionMask = 2147483647;
			files = (
			);
			runOnlyForDeploymentPostprocessing = 0;
		};
/* End PBXFrameworksBuildPhase section */

/* Begin PBXGroup section */
		4ABA15FF2220D8BE003AA73C = {
			isa = PBXGroup;
			children = (
				4ABA160A2220D8BE003AA73C /* DocumentsCoreData */,
				4ABA16222220D8BF003AA73C /* DocumentsCoreDataTests */,
				4ABA162D2220D8BF003AA73C /* DocumentsCoreDataUITests */,
				4ABA16092220D8BE003AA73C /* Products */,
			);
			sourceTree = "<group>";
		};
		4ABA16092220D8BE003AA73C /* Products */ = {
			isa = PBXGroup;
			children = (
				4ABA16082220D8BE003AA73C /* DocumentsCoreData.app */,
				4ABA161F2220D8BF003AA73C /* DocumentsCoreDataTests.xctest */,
				4ABA162A2220D8BF003AA73C /* DocumentsCoreDataUITests.xctest */,
			);
			name = Products;
			sourceTree = "<group>";
		};
		4ABA160A2220D8BE003AA73C /* DocumentsCoreData */ = {
			isa = PBXGroup;
			children = (
				4ABA16532220F222003AA73C /* Document+CoreDataClass.swift */,
				4ABA16542220F222003AA73C /* Document+CoreDataProperties.swift */,
				4ABA164A2220DDD3003AA73C /* Controller */,
				4ABA16492220DDCF003AA73C /* View */,
				4ABA16482220DDC3003AA73C /* Model */,
				4ABA160B2220D8BE003AA73C /* AppDelegate.swift */,
				4ABA160F2220D8BE003AA73C /* Main.storyboard */,
				4ABA16152220D8BF003AA73C /* Assets.xcassets */,
				4ABA16172220D8BF003AA73C /* LaunchScreen.storyboard */,
				4ABA161A2220D8BF003AA73C /* Info.plist */,
				4ABA16122220D8BE003AA73C /* DocumentsCoreData.xcdatamodeld */,
			);
			path = DocumentsCoreData;
			sourceTree = "<group>";
		};
		4ABA16222220D8BF003AA73C /* DocumentsCoreDataTests */ = {
			isa = PBXGroup;
			children = (
				4ABA16232220D8BF003AA73C /* DocumentsCoreDataTests.swift */,
				4ABA16252220D8BF003AA73C /* Info.plist */,
			);
			path = DocumentsCoreDataTests;
			sourceTree = "<group>";
		};
		4ABA162D2220D8BF003AA73C /* DocumentsCoreDataUITests */ = {
			isa = PBXGroup;
			children = (
				4ABA162E2220D8BF003AA73C /* DocumentsCoreDataUITests.swift */,
				4ABA16302220D8BF003AA73C /* Info.plist */,
			);
			path = DocumentsCoreDataUITests;
			sourceTree = "<group>";
		};
		4ABA16482220DDC3003AA73C /* Model */ = {
			isa = PBXGroup;
			children = (
			);
			path = Model;
			sourceTree = "<group>";
		};
		4ABA16492220DDCF003AA73C /* View */ = {
			isa = PBXGroup;
			children = (
				4ABA16462220DDB6003AA73C /* SingleDocumentViewController.swift */,
				4ABA163C2220D8D8003AA73C /* DocumentsViewController.swift */,
				4ABA165722210B81003AA73C /* DocumentsTableViewCell.swift */,
			);
			path = View;
			sourceTree = "<group>";
		};
		4ABA164A2220DDD3003AA73C /* Controller */ = {
			isa = PBXGroup;
			children = (
			);
			path = Controller;
			sourceTree = "<group>";
		};
/* End PBXGroup section */

/* Begin PBXNativeTarget section */
		4ABA16072220D8BE003AA73C /* DocumentsCoreData */ = {
			isa = PBXNativeTarget;
			buildConfigurationList = 4ABA16332220D8BF003AA73C /* Build configuration list for PBXNativeTarget "DocumentsCoreData" */;
			buildPhases = (
				4ABA16042220D8BE003AA73C /* Sources */,
				4ABA16052220D8BE003AA73C /* Frameworks */,
				4ABA16062220D8BE003AA73C /* Resources */,
			);
			buildRules = (
			);
			dependencies = (
			);
			name = DocumentsCoreData;
			productName = DocumentsCoreData;
			productReference = 4ABA16082220D8BE003AA73C /* DocumentsCoreData.app */;
			productType = "com.apple.product-type.application";
		};
		4ABA161E2220D8BF003AA73C /* DocumentsCoreDataTests */ = {
			isa = PBXNativeTarget;
			buildConfigurationList = 4ABA16362220D8BF003AA73C /* Build configuration list for PBXNativeTarget "DocumentsCoreDataTests" */;
			buildPhases = (
				4ABA161B2220D8BF003AA73C /* Sources */,
				4ABA161C2220D8BF003AA73C /* Frameworks */,
				4ABA161D2220D8BF003AA73C /* Resources */,
			);
			buildRules = (
			);
			dependencies = (
				4ABA16212220D8BF003AA73C /* PBXTargetDependency */,
			);
			name = DocumentsCoreDataTests;
			productName = DocumentsCoreDataTests;
			productReference = 4ABA161F2220D8BF003AA73C /* DocumentsCoreDataTests.xctest */;
			productType = "com.apple.product-type.bundle.unit-test";
		};
		4ABA16292220D8BF003AA73C /* DocumentsCoreDataUITests */ = {
			isa = PBXNativeTarget;
			buildConfigurationList = 4ABA16392220D8BF003AA73C /* Build configuration list for PBXNativeTarget "DocumentsCoreDataUITests" */;
			buildPhases = (
				4ABA16262220D8BF003AA73C /* Sources */,
				4ABA16272220D8BF003AA73C /* Frameworks */,
				4ABA16282220D8BF003AA73C /* Resources */,
			);
			buildRules = (
			);
			dependencies = (
				4ABA162C2220D8BF003AA73C /* PBXTargetDependency */,
			);
			name = DocumentsCoreDataUITests;
			productName = DocumentsCoreDataUITests;
			productReference = 4ABA162A2220D8BF003AA73C /* DocumentsCoreDataUITests.xctest */;
			productType = "com.apple.product-type.bundle.ui-testing";
		};
/* End PBXNativeTarget section */

/* Begin PBXProject section */
		4ABA16002220D8BE003AA73C /* Project object */ = {
			isa = PBXProject;
			attributes = {
				LastSwiftUpdateCheck = 1010;
				LastUpgradeCheck = 1010;
				ORGANIZATIONNAME = "Max Taylor";
				TargetAttributes = {
					4ABA16072220D8BE003AA73C = {
						CreatedOnToolsVersion = 10.1;
					};
					4ABA161E2220D8BF003AA73C = {
						CreatedOnToolsVersion = 10.1;
						TestTargetID = 4ABA16072220D8BE003AA73C;
					};
					4ABA16292220D8BF003AA73C = {
						CreatedOnToolsVersion = 10.1;
						TestTargetID = 4ABA16072220D8BE003AA73C;
					};
				};
			};
			buildConfigurationList = 4ABA16032220D8BE003AA73C /* Build configuration list for PBXProject "DocumentsCoreData" */;
			compatibilityVersion = "Xcode 9.3";
			developmentRegion = en;
			hasScannedForEncodings = 0;
			knownRegions = (
				en,
				Base,
			);
			mainGroup = 4ABA15FF2220D8BE003AA73C;
			productRefGroup = 4ABA16092220D8BE003AA73C /* Products */;
			projectDirPath = "";
			projectRoot = "";
			targets = (
				4ABA16072220D8BE003AA73C /* DocumentsCoreData */,
				4ABA161E2220D8BF003AA73C /* DocumentsCoreDataTests */,
				4ABA16292220D8BF003AA73C /* DocumentsCoreDataUITests */,
			);
		};
/* End PBXProject section */

/* Begin PBXResourcesBuildPhase section */
		4ABA16062220D8BE003AA73C /* Resources */ = {
			isa = PBXResourcesBuildPhase;
			buildActionMask = 2147483647;
			files = (
				4ABA16192220D8BF003AA73C /* LaunchScreen.storyboard in Resources */,
				4ABA16162220D8BF003AA73C /* Assets.xcassets in Resources */,
				4ABA16112220D8BE003AA73C /* Main.storyboard in Resources */,
			);
			runOnlyForDeploymentPostprocessing = 0;
		};
		4ABA161D2220D8BF003AA73C /* Resources */ = {
			isa = PBXResourcesBuildPhase;
			buildActionMask = 2147483647;
			files = (
			);
			runOnlyForDeploymentPostprocessing = 0;
		};
		4ABA16282220D8BF003AA73C /* Resources */ = {
			isa = PBXResourcesBuildPhase;
			buildActionMask = 2147483647;
			files = (
			);
			runOnlyForDeploymentPostprocessing = 0;
		};
/* End PBXResourcesBuildPhase section */

/* Begin PBXSourcesBuildPhase section */
		4ABA16042220D8BE003AA73C /* Sources */ = {
			isa = PBXSourcesBuildPhase;
			buildActionMask = 2147483647;
			files = (
				4ABA165822210B81003AA73C /* DocumentsTableViewCell.swift in Sources */,
				4ABA16562220F222003AA73C /* Document+CoreDataProperties.swift in Sources */,
				4ABA163D2220D8D8003AA73C /* DocumentsViewController.swift in Sources */,
				4ABA16472220DDB6003AA73C /* SingleDocumentViewController.swift in Sources */,
				4ABA16142220D8BE003AA73C /* DocumentsCoreData.xcdatamodeld in Sources */,
				4ABA16552220F222003AA73C /* Document+CoreDataClass.swift in Sources */,
				4ABA160C2220D8BE003AA73C /* AppDelegate.swift in Sources */,
			);
			runOnlyForDeploymentPostprocessing = 0;
		};
		4ABA161B2220D8BF003AA73C /* Sources */ = {
			isa = PBXSourcesBuildPhase;
			buildActionMask = 2147483647;
			files = (
				4ABA16242220D8BF003AA73C /* DocumentsCoreDataTests.swift in Sources */,
			);
			runOnlyForDeploymentPostprocessing = 0;
		};
		4ABA16262220D8BF003AA73C /* Sources */ = {
			isa = PBXSourcesBuildPhase;
			buildActionMask = 2147483647;
			files = (
				4ABA162F2220D8BF003AA73C /* DocumentsCoreDataUITests.swift in Sources */,
			);
			runOnlyForDeploymentPostprocessing = 0;
		};
/* End PBXSourcesBuildPhase section */

/* Begin PBXTargetDependency section */
		4ABA16212220D8BF003AA73C /* PBXTargetDependency */ = {
			isa = PBXTargetDependency;
			target = 4ABA16072220D8BE003AA73C /* DocumentsCoreData */;
			targetProxy = 4ABA16202220D8BF003AA73C /* PBXContainerItemProxy */;
		};
		4ABA162C2220D8BF003AA73C /* PBXTargetDependency */ = {
			isa = PBXTargetDependency;
			target = 4ABA16072220D8BE003AA73C /* DocumentsCoreData */;
			targetProxy = 4ABA162B2220D8BF003AA73C /* PBXContainerItemProxy */;
		};
/* End PBXTargetDependency section */

/* Begin PBXVariantGroup section */
		4ABA160F2220D8BE003AA73C /* Main.storyboard */ = {
			isa = PBXVariantGroup;
			children = (
				4ABA16102220D8BE003AA73C /* Base */,
			);
			name = Main.storyboard;
			sourceTree = "<group>";
		};
		4ABA16172220D8BF003AA73C /* LaunchScreen.storyboard */ = {
			isa = PBXVariantGroup;
			children = (
				4ABA16182220D8BF003AA73C /* Base */,
			);
			name = LaunchScreen.storyboard;
			sourceTree = "<group>";
		};
/* End PBXVariantGroup section */

/* Begin XCBuildConfiguration section */
		4ABA16312220D8BF003AA73C /* Debug */ = {
			isa = XCBuildConfiguration;
			buildSettings = {
				ALWAYS_SEARCH_USER_PATHS = NO;
				CLANG_ANALYZER_NONNULL = YES;
				CLANG_ANALYZER_NUMBER_OBJECT_CONVERSION = YES_AGGRESSIVE;
				CLANG_CXX_LANGUAGE_STANDARD = "gnu++14";
				CLANG_CXX_LIBRARY = "libc++";
				CLANG_ENABLE_MODULES = YES;
				CLANG_ENABLE_OBJC_ARC = YES;
				CLANG_ENABLE_OBJC_WEAK = YES;
				CLANG_WARN_BLOCK_CAPTURE_AUTORELEASING = YES;
				CLANG_WARN_BOOL_CONVERSION = YES;
				CLANG_WARN_COMMA = YES;
				CLANG_WARN_CONSTANT_CONVERSION = YES;
				CLANG_WARN_DEPRECATED_OBJC_IMPLEMENTATIONS = YES;
				CLANG_WARN_DIRECT_OBJC_ISA_USAGE = YES_ERROR;
				CLANG_WARN_DOCUMENTATION_COMMENTS = YES;
				CLANG_WARN_EMPTY_BODY = YES;
				CLANG_WARN_ENUM_CONVERSION = YES;
				CLANG_WARN_INFINITE_RECURSION = YES;
				CLANG_WARN_INT_CONVERSION = YES;
				CLANG_WARN_NON_LITERAL_NULL_CONVERSION = YES;
				CLANG_WARN_OBJC_IMPLICIT_RETAIN_SELF = YES;
				CLANG_WARN_OBJC_LITERAL_CONVERSION = YES;
				CLANG_WARN_OBJC_ROOT_CLASS = YES_ERROR;
				CLANG_WARN_RANGE_LOOP_ANALYSIS = YES;
				CLANG_WARN_STRICT_PROTOTYPES = YES;
				CLANG_WARN_SUSPICIOUS_MOVE = YES;
				CLANG_WARN_UNGUARDED_AVAILABILITY = YES_AGGRESSIVE;
				CLANG_WARN_UNREACHABLE_CODE = YES;
				CLANG_WARN__DUPLICATE_METHOD_MATCH = YES;
				CODE_SIGN_IDENTITY = "iPhone Developer";
				COPY_PHASE_STRIP = NO;
				DEBUG_INFORMATION_FORMAT = dwarf;
				ENABLE_STRICT_OBJC_MSGSEND = YES;
				ENABLE_TESTABILITY = YES;
				GCC_C_LANGUAGE_STANDARD = gnu11;
				GCC_DYNAMIC_NO_PIC = NO;
				GCC_NO_COMMON_BLOCKS = YES;
				GCC_OPTIMIZATION_LEVEL = 0;
				GCC_PREPROCESSOR_DEFINITIONS = (
					"DEBUG=1",
					"$(inherited)",
				);
				GCC_WARN_64_TO_32_BIT_CONVERSION = YES;
				GCC_WARN_ABOUT_RETURN_TYPE = YES_ERROR;
				GCC_WARN_UNDECLARED_SELECTOR = YES;
				GCC_WARN_UNINITIALIZED_AUTOS = YES_AGGRESSIVE;
				GCC_WARN_UNUSED_FUNCTION = YES;
				GCC_WARN_UNUSED_VARIABLE = YES;
				IPHONEOS_DEPLOYMENT_TARGET = 12.1;
				MTL_ENABLE_DEBUG_INFO = INCLUDE_SOURCE;
				MTL_FAST_MATH = YES;
				ONLY_ACTIVE_ARCH = YES;
				SDKROOT = iphoneos;
				SWIFT_ACTIVE_COMPILATION_CONDITIONS = DEBUG;
				SWIFT_OPTIMIZATION_LEVEL = "-Onone";
			};
			name = Debug;
		};
		4ABA16322220D8BF003AA73C /* Release */ = {
			isa = XCBuildConfiguration;
			buildSettings = {
				ALWAYS_SEARCH_USER_PATHS = NO;
				CLANG_ANALYZER_NONNULL = YES;
				CLANG_ANALYZER_NUMBER_OBJECT_CONVERSION = YES_AGGRESSIVE;
				CLANG_CXX_LANGUAGE_STANDARD = "gnu++14";
				CLANG_CXX_LIBRARY = "libc++";
				CLANG_ENABLE_MODULES = YES;
				CLANG_ENABLE_OBJC_ARC = YES;
				CLANG_ENABLE_OBJC_WEAK = YES;
				CLANG_WARN_BLOCK_CAPTURE_AUTORELEASING = YES;
				CLANG_WARN_BOOL_CONVERSION = YES;
				CLANG_WARN_COMMA = YES;
				CLANG_WARN_CONSTANT_CONVERSION = YES;
				CLANG_WARN_DEPRECATED_OBJC_IMPLEMENTATIONS = YES;
				CLANG_WARN_DIRECT_OBJC_ISA_USAGE = YES_ERROR;
				CLANG_WARN_DOCUMENTATION_COMMENTS = YES;
				CLANG_WARN_EMPTY_BODY = YES;
				CLANG_WARN_ENUM_CONVERSION = YES;
				CLANG_WARN_INFINITE_RECURSION = YES;
				CLANG_WARN_INT_CONVERSION = YES;
				CLANG_WARN_NON_LITERAL_NULL_CONVERSION = YES;
				CLANG_WARN_OBJC_IMPLICIT_RETAIN_SELF = YES;
				CLANG_WARN_OBJC_LITERAL_CONVERSION = YES;
				CLANG_WARN_OBJC_ROOT_CLASS = YES_ERROR;
				CLANG_WARN_RANGE_LOOP_ANALYSIS = YES;
				CLANG_WARN_STRICT_PROTOTYPES = YES;
				CLANG_WARN_SUSPICIOUS_MOVE = YES;
				CLANG_WARN_UNGUARDED_AVAILABILITY = YES_AGGRESSIVE;
				CLANG_WARN_UNREACHABLE_CODE = YES;
				CLANG_WARN__DUPLICATE_METHOD_MATCH = YES;
				CODE_SIGN_IDENTITY = "iPhone Developer";
				COPY_PHASE_STRIP = NO;
				DEBUG_INFORMATION_FORMAT = "dwarf-with-dsym";
				ENABLE_NS_ASSERTIONS = NO;
				ENABLE_STRICT_OBJC_MSGSEND = YES;
				GCC_C_LANGUAGE_STANDARD = gnu11;
				GCC_NO_COMMON_BLOCKS = YES;
				GCC_WARN_64_TO_32_BIT_CONVERSION = YES;
				GCC_WARN_ABOUT_RETURN_TYPE = YES_ERROR;
				GCC_WARN_UNDECLARED_SELECTOR = YES;
				GCC_WARN_UNINITIALIZED_AUTOS = YES_AGGRESSIVE;
				GCC_WARN_UNUSED_FUNCTION = YES;
				GCC_WARN_UNUSED_VARIABLE = YES;
				IPHONEOS_DEPLOYMENT_TARGET = 12.1;
				MTL_ENABLE_DEBUG_INFO = NO;
				MTL_FAST_MATH = YES;
				SDKROOT = iphoneos;
				SWIFT_COMPILATION_MODE = wholemodule;
				SWIFT_OPTIMIZATION_LEVEL = "-O";
				VALIDATE_PRODUCT = YES;
			};
			name = Release;
		};
		4ABA16342220D8BF003AA73C /* Debug */ = {
			isa = XCBuildConfiguration;
			buildSettings = {
				ASSETCATALOG_COMPILER_APPICON_NAME = AppIcon;
				CODE_SIGN_STYLE = Automatic;
				DEVELOPMENT_TEAM = 9FFAAM8AAX;
				INFOPLIST_FILE = DocumentsCoreData/Info.plist;
				LD_RUNPATH_SEARCH_PATHS = (
					"$(inherited)",
					"@executable_path/Frameworks",
				);
				PRODUCT_BUNDLE_IDENTIFIER = edu.missouri.DocumentsCoreData;
				PRODUCT_NAME = "$(TARGET_NAME)";
				SWIFT_VERSION = 4.2;
				TARGETED_DEVICE_FAMILY = "1,2";
			};
			name = Debug;
		};
		4ABA16352220D8BF003AA73C /* Release */ = {
			isa = XCBuildConfiguration;
			buildSettings = {
				ASSETCATALOG_COMPILER_APPICON_NAME = AppIcon;
				CODE_SIGN_STYLE = Automatic;
				DEVELOPMENT_TEAM = 9FFAAM8AAX;
				INFOPLIST_FILE = DocumentsCoreData/Info.plist;
				LD_RUNPATH_SEARCH_PATHS = (
					"$(inherited)",
					"@executable_path/Frameworks",
				);
				PRODUCT_BUNDLE_IDENTIFIER = edu.missouri.DocumentsCoreData;
				PRODUCT_NAME = "$(TARGET_NAME)";
				SWIFT_VERSION = 4.2;
				TARGETED_DEVICE_FAMILY = "1,2";
			};
			name = Release;
		};
		4ABA16372220D8BF003AA73C /* Debug */ = {
			isa = XCBuildConfiguration;
			buildSettings = {
				ALWAYS_EMBED_SWIFT_STANDARD_LIBRARIES = YES;
				BUNDLE_LOADER = "$(TEST_HOST)";
				CODE_SIGN_STYLE = Automatic;
				DEVELOPMENT_TEAM = 9FFAAM8AAX;
				INFOPLIST_FILE = DocumentsCoreDataTests/Info.plist;
				LD_RUNPATH_SEARCH_PATHS = (
					"$(inherited)",
					"@executable_path/Frameworks",
					"@loader_path/Frameworks",
				);
				PRODUCT_BUNDLE_IDENTIFIER = edu.missouri.DocumentsCoreDataTests;
				PRODUCT_NAME = "$(TARGET_NAME)";
				SWIFT_VERSION = 4.2;
				TARGETED_DEVICE_FAMILY = "1,2";
				TEST_HOST = "$(BUILT_PRODUCTS_DIR)/DocumentsCoreData.app/DocumentsCoreData";
			};
			name = Debug;
		};
		4ABA16382220D8BF003AA73C /* Release */ = {
			isa = XCBuildConfiguration;
			buildSettings = {
				ALWAYS_EMBED_SWIFT_STANDARD_LIBRARIES = YES;
				BUNDLE_LOADER = "$(TEST_HOST)";
				CODE_SIGN_STYLE = Automatic;
				DEVELOPMENT_TEAM = 9FFAAM8AAX;
				INFOPLIST_FILE = DocumentsCoreDataTests/Info.plist;
				LD_RUNPATH_SEARCH_PATHS = (
					"$(inherited)",
					"@executable_path/Frameworks",
					"@loader_path/Frameworks",
				);
				PRODUCT_BUNDLE_IDENTIFIER = edu.missouri.DocumentsCoreDataTests;
				PRODUCT_NAME = "$(TARGET_NAME)";
				SWIFT_VERSION = 4.2;
				TARGETED_DEVICE_FAMILY = "1,2";
				TEST_HOST = "$(BUILT_PRODUCTS_DIR)/DocumentsCoreData.app/DocumentsCoreData";
			};
			name = Release;
		};
		4ABA163A2220D8BF003AA73C /* Debug */ = {
			isa = XCBuildConfiguration;
			buildSettings = {
				ALWAYS_EMBED_SWIFT_STANDARD_LIBRARIES = YES;
				CODE_SIGN_STYLE = Automatic;
				DEVELOPMENT_TEAM = 9FFAAM8AAX;
				INFOPLIST_FILE = DocumentsCoreDataUITests/Info.plist;
				LD_RUNPATH_SEARCH_PATHS = (
					"$(inherited)",
					"@executable_path/Frameworks",
					"@loader_path/Frameworks",
				);
				PRODUCT_BUNDLE_IDENTIFIER = edu.missouri.DocumentsCoreDataUITests;
				PRODUCT_NAME = "$(TARGET_NAME)";
				SWIFT_VERSION = 4.2;
				TARGETED_DEVICE_FAMILY = "1,2";
				TEST_TARGET_NAME = DocumentsCoreData;
			};
			name = Debug;
		};
		4ABA163B2220D8BF003AA73C /* Release */ = {
			isa = XCBuildConfiguration;
			buildSettings = {
				ALWAYS_EMBED_SWIFT_STANDARD_LIBRARIES = YES;
				CODE_SIGN_STYLE = Automatic;
				DEVELOPMENT_TEAM = 9FFAAM8AAX;
				INFOPLIST_FILE = DocumentsCoreDataUITests/Info.plist;
				LD_RUNPATH_SEARCH_PATHS = (
					"$(inherited)",
					"@executable_path/Frameworks",
					"@loader_path/Frameworks",
				);
				PRODUCT_BUNDLE_IDENTIFIER = edu.missouri.DocumentsCoreDataUITests;
				PRODUCT_NAME = "$(TARGET_NAME)";
				SWIFT_VERSION = 4.2;
				TARGETED_DEVICE_FAMILY = "1,2";
				TEST_TARGET_NAME = DocumentsCoreData;
			};
			name = Release;
		};
/* End XCBuildConfiguration section */

/* Begin XCConfigurationList section */
		4ABA16032220D8BE003AA73C /* Build configuration list for PBXProject "DocumentsCoreData" */ = {
			isa = XCConfigurationList;
			buildConfigurations = (
				4ABA16312220D8BF003AA73C /* Debug */,
				4ABA16322220D8BF003AA73C /* Release */,
			);
			defaultConfigurationIsVisible = 0;
			defaultConfigurationName = Release;
		};
		4ABA16332220D8BF003AA73C /* Build configuration list for PBXNativeTarget "DocumentsCoreData" */ = {
			isa = XCConfigurationList;
			buildConfigurations = (
				4ABA16342220D8BF003AA73C /* Debug */,
				4ABA16352220D8BF003AA73C /* Release */,
			);
			defaultConfigurationIsVisible = 0;
			defaultConfigurationName = Release;
		};
		4ABA16362220D8BF003AA73C /* Build configuration list for PBXNativeTarget "DocumentsCoreDataTests" */ = {
			isa = XCConfigurationList;
			buildConfigurations = (
				4ABA16372220D8BF003AA73C /* Debug */,
				4ABA16382220D8BF003AA73C /* Release */,
			);
			defaultConfigurationIsVisible = 0;
			defaultConfigurationName = Release;
		};
		4ABA16392220D8BF003AA73C /* Build configuration list for PBXNativeTarget "DocumentsCoreDataUITests" */ = {
			isa = XCConfigurationList;
			buildConfigurations = (
				4ABA163A2220D8BF003AA73C /* Debug */,
				4ABA163B2220D8BF003AA73C /* Release */,
			);
			defaultConfigurationIsVisible = 0;
			defaultConfigurationName = Release;
		};
/* End XCConfigurationList section */

/* Begin XCVersionGroup section */
		4ABA16122220D8BE003AA73C /* DocumentsCoreData.xcdatamodeld */ = {
			isa = XCVersionGroup;
			children = (
				4ABA16132220D8BE003AA73C /* DocumentsCoreData.xcdatamodel */,
			);
			currentVersion = 4ABA16132220D8BE003AA73C /* DocumentsCoreData.xcdatamodel */;
			path = DocumentsCoreData.xcdatamodeld;
			sourceTree = "<group>";
			versionGroupType = wrapper.xcdatamodel;
		};
/* End XCVersionGroup section */
	};
	rootObject = 4ABA16002220D8BE003AA73C /* Project object */;
}
